
Microsoft Visual Studio Solution File, Format Version 12.00
# Visual Studio Version 16
VisualStudioVersion = 16.0.30804.86
MinimumVisualStudioVersion = 10.0.40219.1
Project("{9A19103F-16F7-4668-BE54-9A1E7A4F7556}") = "TestLibrary", "TestLibrary\TestLibrary.csproj", "{11F40800-D7AB-4549-94A1-A073ECC7F02A}"
EndProject
Project("{9A19103F-16F7-4668-BE54-9A1E7A4F7556}") = "UnitTest.MsTest", "UnitTest.MsTest\UnitTest.MsTest.csproj", "{47F624FD-6169-4C53-8BDC-5E47403B3D52}"
EndProject
Project("{9A19103F-16F7-4668-BE54-9A1E7A4F7556}") = "UnitTest.NUnit", "UnitTest.NUnit\UnitTest.NUnit.csproj", "{C8A55C0D-5BE2-4583-9CD3-EF23EB7DF333}"
EndProject
Project("{9A19103F-16F7-4668-BE54-9A1E7A4F7556}") = "UnitTest.XUnit", "UnitTest.XUnit\UnitTest.XUnit.csproj", "{81C686E4-C195-4EC6-B4EB-5B499FCF28EF}"
EndProject
Project("{2150E333-8FDC-42A3-9474-1A3956D46DE8}") = "UnitTest", "UnitTest", "{744BD413-84DB-4B02-8F43-7A5EBBA72008}"
EndProject
Project("{2150E333-8FDC-42A3-9474-1A3956D46DE8}") = "Assertion", "Assertion", "{C1438831-D0B1-45FF-A675-62B5450E7DBD}"
EndProject
Project("{FAE04EC0-301F-11D3-BF4B-00C04F79EFBC}") = "Assertion.MSTest", "Assertion.MSTest\Assertion.MSTest.csproj", "{638409BA-C201-4984-A5FC-D04F016FA514}"
EndProject
Project("{FAE04EC0-301F-11D3-BF4B-00C04F79EFBC}") = "Assertion.NUnitTest", "Assertion.NUnitTest\Assertion.NUnitTest.csproj", "{A8A39991-DD69-41D8-8D5E-38759E024729}"
EndProject
Project("{FAE04EC0-301F-11D3-BF4B-00C04F79EFBC}") = "Assertion.XUnitTest", "Assertion.XUnitTest\Assertion.XUnitTest.csproj", "{7261C460-98F1-4906-B0BF-5BFDF30C5983}"
EndProject
Project("{2150E333-8FDC-42A3-9474-1A3956D46DE8}") = "Mocking", "Mocking", "{94B16DF6-823B-4BB5-9DB4-648842A9A202}"
EndProject
Project("{FAE04EC0-301F-11D3-BF4B-00C04F79EFBC}") = "Mocking.Moq", "Mocking.Moq\Mocking.Moq.csproj", "{05FD1E69-4A3A-4A62-BD47-3DD551FC316D}"
EndProject
Project("{FAE04EC0-301F-11D3-BF4B-00C04F79EFBC}") = "Mocking.NSubstitute", "Mocking.NSubstitute\Mocking.NSubstitute.csproj", "{FB658DB5-8091-4A3E-9CDB-41AC733926D7}"
EndProject
Project("{FAE04EC0-301F-11D3-BF4B-00C04F79EFBC}") = "Mocking.FakeItEasy", "Mocking.FakeItEasy\Mocking.FakeItEasy.csproj", "{4965B465-5417-475D-A783-9223CF68CAD2}"
EndProject
Project("{2150E333-8FDC-42A3-9474-1A3956D46DE8}") = "Integration", "Integration", "{896AF1DC-AE89-4442-B8E5-6804DC250BD2}"
EndProject
Project("{FAE04EC0-301F-11D3-BF4B-00C04F79EFBC}") = "Integration.XUnit", "Integration.XUnit\Integration.XUnit.csproj", "{80E4CBD8-6E5A-4FF9-B0AB-C0C4685D46B0}"
EndProject
Project("{FAE04EC0-301F-11D3-BF4B-00C04F79EFBC}") = "TestAPI", "TestAPI\TestAPI.csproj", "{CFBFC728-466B-43EC-A93F-869A7B517F2F}"
EndProject
Global
	GlobalSection(SolutionConfigurationPlatforms) = preSolution
		Debug|Any CPU = Debug|Any CPU
		Release|Any CPU = Release|Any CPU
	EndGlobalSection
	GlobalSection(ProjectConfigurationPlatforms) = postSolution
		{11F40800-D7AB-4549-94A1-A073ECC7F02A}.Debug|Any CPU.ActiveCfg = Debug|Any CPU
		{11F40800-D7AB-4549-94A1-A073ECC7F02A}.Debug|Any CPU.Build.0 = Debug|Any CPU
		{11F40800-D7AB-4549-94A1-A073ECC7F02A}.Release|Any CPU.ActiveCfg = Release|Any CPU
		{11F40800-D7AB-4549-94A1-A073ECC7F02A}.Release|Any CPU.Build.0 = Release|Any CPU
		{47F624FD-6169-4C53-8BDC-5E47403B3D52}.Debug|Any CPU.ActiveCfg = Debug|Any CPU
		{47F624FD-6169-4C53-8BDC-5E47403B3D52}.Debug|Any CPU.Build.0 = Debug|Any CPU
		{47F624FD-6169-4C53-8BDC-5E47403B3D52}.Release|Any CPU.ActiveCfg = Release|Any CPU
		{47F624FD-6169-4C53-8BDC-5E47403B3D52}.Release|Any CPU.Build.0 = Release|Any CPU
		{C8A55C0D-5BE2-4583-9CD3-EF23EB7DF333}.Debug|Any CPU.ActiveCfg = Debug|Any CPU
		{C8A55C0D-5BE2-4583-9CD3-EF23EB7DF333}.Debug|Any CPU.Build.0 = Debug|Any CPU
		{C8A55C0D-5BE2-4583-9CD3-EF23EB7DF333}.Release|Any CPU.ActiveCfg = Release|Any CPU
		{C8A55C0D-5BE2-4583-9CD3-EF23EB7DF333}.Release|Any CPU.Build.0 = Release|Any CPU
		{81C686E4-C195-4EC6-B4EB-5B499FCF28EF}.Debug|Any CPU.ActiveCfg = Debug|Any CPU
		{81C686E4-C195-4EC6-B4EB-5B499FCF28EF}.Debug|Any CPU.Build.0 = Debug|Any CPU
		{81C686E4-C195-4EC6-B4EB-5B499FCF28EF}.Release|Any CPU.ActiveCfg = Release|Any CPU
		{81C686E4-C195-4EC6-B4EB-5B499FCF28EF}.Release|Any CPU.Build.0 = Release|Any CPU
		{638409BA-C201-4984-A5FC-D04F016FA514}.Debug|Any CPU.ActiveCfg = Debug|Any CPU
		{638409BA-C201-4984-A5FC-D04F016FA514}.Debug|Any CPU.Build.0 = Debug|Any CPU
		{638409BA-C201-4984-A5FC-D04F016FA514}.Release|Any CPU.ActiveCfg = Release|Any CPU
		{638409BA-C201-4984-A5FC-D04F016FA514}.Release|Any CPU.Build.0 = Release|Any CPU
		{A8A39991-DD69-41D8-8D5E-38759E024729}.Debug|Any CPU.ActiveCfg = Debug|Any CPU
		{A8A39991-DD69-41D8-8D5E-38759E024729}.Debug|Any CPU.Build.0 = Debug|Any CPU
		{A8A39991-DD69-41D8-8D5E-38759E024729}.Release|Any CPU.ActiveCfg = Release|Any CPU
		{A8A39991-DD69-41D8-8D5E-38759E024729}.Release|Any CPU.Build.0 = Release|Any CPU
		{7261C460-98F1-4906-B0BF-5BFDF30C5983}.Debug|Any CPU.ActiveCfg = Debug|Any CPU
		{7261C460-98F1-4906-B0BF-5BFDF30C5983}.Debug|Any CPU.Build.0 = Debug|Any CPU
		{7261C460-98F1-4906-B0BF-5BFDF30C5983}.Release|Any CPU.ActiveCfg = Release|Any CPU
		{7261C460-98F1-4906-B0BF-5BFDF30C5983}.Release|Any CPU.Build.0 = Release|Any CPU
		{05FD1E69-4A3A-4A62-BD47-3DD551FC316D}.Debug|Any CPU.ActiveCfg = Debug|Any CPU
		{05FD1E69-4A3A-4A62-BD47-3DD551FC316D}.Debug|Any CPU.Build.0 = Debug|Any CPU
		{05FD1E69-4A3A-4A62-BD47-3DD551FC316D}.Release|Any CPU.ActiveCfg = Release|Any CPU
		{05FD1E69-4A3A-4A62-BD47-3DD551FC316D}.Release|Any CPU.Build.0 = Release|Any CPU
		{FB658DB5-8091-4A3E-9CDB-41AC733926D7}.Debug|Any CPU.ActiveCfg = Debug|Any CPU
		{FB658DB5-8091-4A3E-9CDB-41AC733926D7}.Debug|Any CPU.Build.0 = Debug|Any CPU
		{FB658DB5-8091-4A3E-9CDB-41AC733926D7}.Release|Any CPU.ActiveCfg = Release|Any CPU
		{FB658DB5-8091-4A3E-9CDB-41AC733926D7}.Release|Any CPU.Build.0 = Release|Any CPU
		{4965B465-5417-475D-A783-9223CF68CAD2}.Debug|Any CPU.ActiveCfg = Debug|Any CPU
		{4965B465-5417-475D-A783-9223CF68CAD2}.Debug|Any CPU.Build.0 = Debug|Any CPU
		{4965B465-5417-475D-A783-9223CF68CAD2}.Release|Any CPU.ActiveCfg = Release|Any CPU
		{4965B465-5417-475D-A783-9223CF68CAD2}.Release|Any CPU.Build.0 = Release|Any CPU
		{80E4CBD8-6E5A-4FF9-B0AB-C0C4685D46B0}.Debug|Any CPU.ActiveCfg = Debug|Any CPU
		{80E4CBD8-6E5A-4FF9-B0AB-C0C4685D46B0}.Debug|Any CPU.Build.0 = Debug|Any CPU
		{80E4CBD8-6E5A-4FF9-B0AB-C0C4685D46B0}.Release|Any CPU.ActiveCfg = Release|Any CPU
		{80E4CBD8-6E5A-4FF9-B0AB-C0C4685D46B0}.Release|Any CPU.Build.0 = Release|Any CPU
		{CFBFC728-466B-43EC-A93F-869A7B517F2F}.Debug|Any CPU.ActiveCfg = Debug|Any CPU
		{CFBFC728-466B-43EC-A93F-869A7B517F2F}.Debug|Any CPU.Build.0 = Debug|Any CPU
		{CFBFC728-466B-43EC-A93F-869A7B517F2F}.Release|Any CPU.ActiveCfg = Release|Any CPU
		{CFBFC728-466B-43EC-A93F-869A7B517F2F}.Release|Any CPU.Build.0 = Release|Any CPU
	EndGlobalSection
	GlobalSection(SolutionProperties) = preSolution
		HideSolutionNode = FALSE
	EndGlobalSection
	GlobalSection(NestedProjects) = preSolution
		{47F624FD-6169-4C53-8BDC-5E47403B3D52} = {744BD413-84DB-4B02-8F43-7A5EBBA72008}
		{C8A55C0D-5BE2-4583-9CD3-EF23EB7DF333} = {744BD413-84DB-4B02-8F43-7A5EBBA72008}
		{81C686E4-C195-4EC6-B4EB-5B499FCF28EF} = {744BD413-84DB-4B02-8F43-7A5EBBA72008}
		{638409BA-C201-4984-A5FC-D04F016FA514} = {C1438831-D0B1-45FF-A675-62B5450E7DBD}
		{A8A39991-DD69-41D8-8D5E-38759E024729} = {C1438831-D0B1-45FF-A675-62B5450E7DBD}
		{7261C460-98F1-4906-B0BF-5BFDF30C5983} = {C1438831-D0B1-45FF-A675-62B5450E7DBD}
		{05FD1E69-4A3A-4A62-BD47-3DD551FC316D} = {94B16DF6-823B-4BB5-9DB4-648842A9A202}
		{FB658DB5-8091-4A3E-9CDB-41AC733926D7} = {94B16DF6-823B-4BB5-9DB4-648842A9A202}
		{4965B465-5417-475D-A783-9223CF68CAD2} = {94B16DF6-823B-4BB5-9DB4-648842A9A202}
		{80E4CBD8-6E5A-4FF9-B0AB-C0C4685D46B0} = {896AF1DC-AE89-4442-B8E5-6804DC250BD2}
	EndGlobalSection
	GlobalSection(ExtensibilityGlobals) = postSolution
		SolutionGuid = {BBA071E8-54FE-4D5F-AC62-DCD13122141F}
	EndGlobalSection
EndGlobal
